
Microsoft Visual Studio Solution File, Format Version 12.00
# Visual Studio Version 17
VisualStudioVersion = 17.14.36121.58
MinimumVisualStudioVersion = 10.0.40219.1
Project("{FAE04EC0-301F-11D3-BF4B-00C04F79EFBC}") = "ExpensesManager", "ExpensesManager\ExpensesManager.csproj", "{04FB9F2F-85B7-4B94-9432-0A10C5419FF6}"
EndProject
Project("{FAE04EC0-301F-11D3-BF4B-00C04F79EFBC}") = "ExpensesManager.Database", "ExpensesManager.Database\ExpensesManager.Database.csproj", "{002A7222-970D-4791-8946-00880DEB8DAF}"
EndProject
Project("{FAE04EC0-301F-11D3-BF4B-00C04F79EFBC}") = "ExpensesManager.Core", "ExpensesManager.Core\ExpensesManager.Core.csproj", "{F4D9FBD1-CABF-4A2B-9FCC-4EED0E05BF6A}"
EndProject
Global
	GlobalSection(SolutionConfigurationPlatforms) = preSolution
		Debug|Any CPU = Debug|Any CPU
		Release|Any CPU = Release|Any CPU
	EndGlobalSection
	GlobalSection(ProjectConfigurationPlatforms) = postSolution
		{04FB9F2F-85B7-4B94-9432-0A10C5419FF6}.Debug|Any CPU.ActiveCfg = Debug|Any CPU
		{04FB9F2F-85B7-4B94-9432-0A10C5419FF6}.Debug|Any CPU.Build.0 = Debug|Any CPU
		{04FB9F2F-85B7-4B94-9432-0A10C5419FF6}.Release|Any CPU.ActiveCfg = Release|Any CPU
		{04FB9F2F-85B7-4B94-9432-0A10C5419FF6}.Release|Any CPU.Build.0 = Release|Any CPU
		{002A7222-970D-4791-8946-00880DEB8DAF}.Debug|Any CPU.ActiveCfg = Debug|Any CPU
		{002A7222-970D-4791-8946-00880DEB8DAF}.Debug|Any CPU.Build.0 = Debug|Any CPU
		{002A7222-970D-4791-8946-00880DEB8DAF}.Release|Any CPU.ActiveCfg = Release|Any CPU
		{002A7222-970D-4791-8946-00880DEB8DAF}.Release|Any CPU.Build.0 = Release|Any CPU
		{F4D9FBD1-CABF-4A2B-9FCC-4EED0E05BF6A}.Debug|Any CPU.ActiveCfg = Debug|Any CPU
		{F4D9FBD1-CABF-4A2B-9FCC-4EED0E05BF6A}.Debug|Any CPU.Build.0 = Debug|Any CPU
		{F4D9FBD1-CABF-4A2B-9FCC-4EED0E05BF6A}.Release|Any CPU.ActiveCfg = Release|Any CPU
		{F4D9FBD1-CABF-4A2B-9FCC-4EED0E05BF6A}.Release|Any CPU.Build.0 = Release|Any CPU
	EndGlobalSection
	GlobalSection(SolutionProperties) = preSolution
		HideSolutionNode = FALSE
	EndGlobalSection
	GlobalSection(ExtensibilityGlobals) = postSolution
		SolutionGuid = {642D4A39-2272-44B6-B38E-C5124F9652C6}
	EndGlobalSection
EndGlobal
